
Microsoft Visual Studio Solution File, Format Version 12.00
# Visual Studio Version 16
VisualStudioVersion = 16.0.30413.136
MinimumVisualStudioVersion = 10.0.40219.1
Project("{FAE04EC0-301F-11D3-BF4B-00C04F79EFBC}") = "coinflipper", "coinflipper\coinflipper.csproj", "{FDBB578E-9582-4CDA-8813-8B1660F0FC5D}"
EndProject
Global
	GlobalSection(SolutionConfigurationPlatforms) = preSolution
		Debug|Any CPU = Debug|Any CPU
		Release|Any CPU = Release|Any CPU
	EndGlobalSection
	GlobalSection(ProjectConfigurationPlatforms) = postSolution
		{FDBB578E-9582-4CDA-8813-8B1660F0FC5D}.Debug|Any CPU.ActiveCfg = Debug|Any CPU
		{FDBB578E-9582-4CDA-8813-8B1660F0FC5D}.Debug|Any CPU.Build.0 = Debug|Any CPU
		{FDBB578E-9582-4CDA-8813-8B1660F0FC5D}.Release|Any CPU.ActiveCfg = Release|Any CPU
		{FDBB578E-9582-4CDA-8813-8B1660F0FC5D}.Release|Any CPU.Build.0 = Release|Any CPU
	EndGlobalSection
	GlobalSection(SolutionProperties) = preSolution
		HideSolutionNode = FALSE
	EndGlobalSection
	GlobalSection(ExtensibilityGlobals) = postSolution
		SolutionGuid = {94D4AC59-F194-4581-9995-89A0294C4D3A}
	EndGlobalSection
EndGlobal
